
Microsoft Visual Studio Solution File, Format Version 12.00
# Visual Studio Version 16
VisualStudioVersion = 16.0.31424.327
MinimumVisualStudioVersion = 10.0.40219.1
Project("{9A19103F-16F7-4668-BE54-9A1E7A4F7556}") = "AspNetCoreDashboardBackend", "AspNetCoreDashboardBackend.csproj", "{B1A2655A-A228-4C71-BC34-28316B1AA48F}"
EndProject
Global
	GlobalSection(SolutionConfigurationPlatforms) = preSolution
		Debug|Any CPU = Debug|Any CPU
		Release|Any CPU = Release|Any CPU
	EndGlobalSection
	GlobalSection(ProjectConfigurationPlatforms) = postSolution
		{B1A2655A-A228-4C71-BC34-28316B1AA48F}.Debug|Any CPU.ActiveCfg = Debug|Any CPU
		{B1A2655A-A228-4C71-BC34-28316B1AA48F}.Debug|Any CPU.Build.0 = Debug|Any CPU
		{B1A2655A-A228-4C71-BC34-28316B1AA48F}.Release|Any CPU.ActiveCfg = Release|Any CPU
		{B1A2655A-A228-4C71-BC34-28316B1AA48F}.Release|Any CPU.Build.0 = Release|Any CPU
	EndGlobalSection
	GlobalSection(SolutionProperties) = preSolution
		HideSolutionNode = FALSE
	EndGlobalSection
	GlobalSection(ExtensibilityGlobals) = postSolution
		SolutionGuid = {20B17A14-A729-49C8-8AC8-846CD3A42748}
	EndGlobalSection
EndGlobal
